lockfileVersion: '6.0'

settings:
  autoInstallPeers: true
  excludeLinksFromLockfile: false

dependencies:
  isomorphic-fetch:
    specifier: 3.0.0
    version: 3.0.0
  webpack:
    specifier: 5.91.0
    version: 5.91.0(esbuild@0.21.1)
  yargs:
    specifier: 17.7.2
    version: 17.7.2

devDependencies:
  esbuild:
    specifier: 0.21.1
    version: 0.21.1
  prettier:
    specifier: 3.2.5
    version: 3.2.5

packages:

  /@esbuild/aix-ppc64@0.21.1:
    resolution: {integrity: sha512-O7yppwipkXvnEPjzkSXJRk2g4bS8sUx9p9oXHq9MU/U7lxUzZVsnFZMDTmeeX9bfQxrFcvOacl/ENgOh0WP9pA==}
    engines: {node: '>=12'}
    cpu: [ppc64]
    os: [aix]
    requiresBuild: true
    optional: true

  /@esbuild/android-arm64@0.21.1:
    resolution: {integrity: sha512-jXhccq6es+onw7x8MxoFnm820mz7sGa9J14kLADclmiEUH4fyj+FjR6t0M93RgtlI/awHWhtF0Wgfhqgf9gDZA==}
    engines: {node: '>=12'}
    cpu: [arm64]
    os: [android]
    requiresBuild: true
    optional: true

  /@esbuild/android-arm@0.21.1:
    resolution: {integrity: sha512-hh3jKWikdnTtHCglDAeVO3Oyh8MaH8xZUaWMiCCvJ9/c3NtPqZq+CACOlGTxhddypXhl+8B45SeceYBfB/e8Ow==}
    engines: {node: '>=12'}
    cpu: [arm]
    os: [android]
    requiresBuild: true
    optional: true

  /@esbuild/android-x64@0.21.1:
    resolution: {integrity: sha512-NPObtlBh4jQHE01gJeucqEhdoD/4ya2owSIS8lZYS58aR0x7oZo9lB2lVFxgTANSa5MGCBeoQtr+yA9oKCGPvA==}
    engines: {node: '>=12'}
    cpu: [x64]
    os: [android]
    requiresBuild: true
    optional: true

  /@esbuild/darwin-arm64@0.21.1:
    resolution: {integrity: sha512-BLT7TDzqsVlQRmJfO/FirzKlzmDpBWwmCUlyggfzUwg1cAxVxeA4O6b1XkMInlxISdfPAOunV9zXjvh5x99Heg==}
    engines: {node: '>=12'}
    cpu: [arm64]
    os: [darwin]
    requiresBuild: true
    optional: true

  /@esbuild/darwin-x64@0.21.1:
    resolution: {integrity: sha512-D3h3wBQmeS/vp93O4B+SWsXB8HvRDwMyhTNhBd8yMbh5wN/2pPWRW5o/hM3EKgk9bdKd9594lMGoTCTiglQGRQ==}
    engines: {node: '>=12'}
    cpu: [x64]
    os: [darwin]
    requiresBuild: true
    optional: true

  /@esbuild/freebsd-arm64@0.21.1:
    resolution: {integrity: sha512-/uVdqqpNKXIxT6TyS/oSK4XE4xWOqp6fh4B5tgAwozkyWdylcX+W4YF2v6SKsL4wCQ5h1bnaSNjWPXG/2hp8AQ==}
    engines: {node: '>=12'}
    cpu: [arm64]
    os: [freebsd]
    requiresBuild: true
    optional: true

  /@esbuild/freebsd-x64@0.21.1:
    resolution: {integrity: sha512-paAkKN1n1jJitw+dAoR27TdCzxRl1FOEITx3h201R6NoXUojpMzgMLdkXVgCvaCSCqwYkeGLoe9UVNRDKSvQgw==}
    engines: {node: '>=12'}
    cpu: [x64]
    os: [freebsd]
    requiresBuild: true
    optional: true

  /@esbuild/linux-arm64@0.21.1:
    resolution: {integrity: sha512-G65d08YoH00TL7Xg4LaL3gLV21bpoAhQ+r31NUu013YB7KK0fyXIt05VbsJtpqh/6wWxoLJZOvQHYnodRrnbUQ==}
    engines: {node: '>=12'}
    cpu: [arm64]
    os: [linux]
    requiresBuild: true
    optional: true

  /@esbuild/linux-arm@0.21.1:
    resolution: {integrity: sha512-tRHnxWJnvNnDpNVnsyDhr1DIQZUfCXlHSCDohbXFqmg9W4kKR7g8LmA3kzcwbuxbRMKeit8ladnCabU5f2traA==}
    engines: {node: '>=12'}
    cpu: [arm]
    os: [linux]
    requiresBuild: true
    optional: true

  /@esbuild/linux-ia32@0.21.1:
    resolution: {integrity: sha512-tt/54LqNNAqCz++QhxoqB9+XqdsaZOtFD/srEhHYwBd3ZUOepmR1Eeot8bS+Q7BiEvy9vvKbtpHf+r6q8hF5UA==}
    engines: {node: '>=12'}
    cpu: [ia32]
    os: [linux]
    requiresBuild: true
    optional: true

  /@esbuild/linux-loong64@0.21.1:
    resolution: {integrity: sha512-MhNalK6r0nZD0q8VzUBPwheHzXPr9wronqmZrewLfP7ui9Fv1tdPmg6e7A8lmg0ziQCziSDHxh3cyRt4YMhGnQ==}
    engines: {node: '>=12'}
    cpu: [loong64]
    os: [linux]
    requiresBuild: true
    optional: true

  /@esbuild/linux-mips64el@0.21.1:
    resolution: {integrity: sha512-YCKVY7Zen5rwZV+nZczOhFmHaeIxR4Zn3jcmNH53LbgF6IKRwmrMywqDrg4SiSNApEefkAbPSIzN39FC8VsxPg==}
    engines: {node: '>=12'}
    cpu: [mips64el]
    os: [linux]
    requiresBuild: true
    optional: true

  /@esbuild/linux-ppc64@0.21.1:
    resolution: {integrity: sha512-bw7bcQ+270IOzDV4mcsKAnDtAFqKO0jVv3IgRSd8iM0ac3L8amvCrujRVt1ajBTJcpDaFhIX+lCNRKteoDSLig==}
    engines: {node: '>=12'}
    cpu: [ppc64]
    os: [linux]
    requiresBuild: true
    optional: true

  /@esbuild/linux-riscv64@0.21.1:
    resolution: {integrity: sha512-ARmDRNkcOGOm1AqUBSwRVDfDeD9hGYRfkudP2QdoonBz1ucWVnfBPfy7H4JPI14eYtZruRSczJxyu7SRYDVOcg==}
    engines: {node: '>=12'}
    cpu: [riscv64]
    os: [linux]
    requiresBuild: true
    optional: true

  /@esbuild/linux-s390x@0.21.1:
    resolution: {integrity: sha512-o73TcUNMuoTZlhwFdsgr8SfQtmMV58sbgq6gQq9G1xUiYnHMTmJbwq65RzMx89l0iya69lR4bxBgtWiiOyDQZA==}
    engines: {node: '>=12'}
    cpu: [s390x]
    os: [linux]
    requiresBuild: true
    optional: true

  /@esbuild/linux-x64@0.21.1:
    resolution: {integrity: sha512-da4/1mBJwwgJkbj4fMH7SOXq2zapgTo0LKXX1VUZ0Dxr+e8N0WbS80nSZ5+zf3lvpf8qxrkZdqkOqFfm57gXwA==}
    engines: {node: '>=12'}
    cpu: [x64]
    os: [linux]
    requiresBuild: true
    optional: true

  /@esbuild/netbsd-x64@0.21.1:
    resolution: {integrity: sha512-CPWs0HTFe5woTJN5eKPvgraUoRHrCtzlYIAv9wBC+FAyagBSaf+UdZrjwYyTGnwPGkThV4OCI7XibZOnPvONVw==}
    engines: {node: '>=12'}
    cpu: [x64]
    os: [netbsd]
    requiresBuild: true
    optional: true

  /@esbuild/openbsd-x64@0.21.1:
    resolution: {integrity: sha512-xxhTm5QtzNLc24R0hEkcH+zCx/o49AsdFZ0Cy5zSd/5tOj4X2g3/2AJB625NoadUuc4A8B3TenLJoYdWYOYCew==}
    engines: {node: '>=12'}
    cpu: [x64]
    os: [openbsd]
    requiresBuild: true
    optional: true

  /@esbuild/sunos-x64@0.21.1:
    resolution: {integrity: sha512-CWibXszpWys1pYmbr9UiKAkX6x+Sxw8HWtw1dRESK1dLW5fFJ6rMDVw0o8MbadusvVQx1a8xuOxnHXT941Hp1A==}
    engines: {node: '>=12'}
    cpu: [x64]
    os: [sunos]
    requiresBuild: true
    optional: true

  /@esbuild/win32-arm64@0.21.1:
    resolution: {integrity: sha512-jb5B4k+xkytGbGUS4T+Z89cQJ9DJ4lozGRSV+hhfmCPpfJ3880O31Q1srPCimm+V6UCbnigqD10EgDNgjvjerQ==}
    engines: {node: '>=12'}
    cpu: [arm64]
    os: [win32]
    requiresBuild: true
    optional: true

  /@esbuild/win32-ia32@0.21.1:
    resolution: {integrity: sha512-PgyFvjJhXqHn1uxPhyN1wZ6dIomKjiLUQh1LjFvjiV1JmnkZ/oMPrfeEAZg5R/1ftz4LZWZr02kefNIQ5SKREQ==}
    engines: {node: '>=12'}
    cpu: [ia32]
    os: [win32]
    requiresBuild: true
    optional: true

  /@esbuild/win32-x64@0.21.1:
    resolution: {integrity: sha512-W9NttRZQR5ehAiqHGDnvfDaGmQOm6Fi4vSlce8mjM75x//XKuVAByohlEX6N17yZnVXxQFuh4fDRunP8ca6bfA==}
    engines: {node: '>=12'}
    cpu: [x64]
    os: [win32]
    requiresBuild: true
    optional: true

  /@jridgewell/gen-mapping@0.3.3:
    resolution: {integrity: sha512-HLhSWOLRi875zjjMG/r+Nv0oCW8umGb0BgEhyX3dDX3egwZtB8PqLnjz3yedt8R5StBrzcg4aBpnh8UA9D1BoQ==}
    engines: {node: '>=6.0.0'}
    dependencies:
      '@jridgewell/set-array': 1.1.2
      '@jridgewell/sourcemap-codec': 1.4.15
      '@jridgewell/trace-mapping': 0.3.22
    dev: false

  /@jridgewell/resolve-uri@3.1.1:
    resolution: {integrity: sha512-dSYZh7HhCDtCKm4QakX0xFpsRDqjjtZf/kjI/v3T3Nwt5r8/qz/M19F9ySyOqU94SXBmeG9ttTul+YnR4LOxFA==}
    engines: {node: '>=6.0.0'}
    dev: false

  /@jridgewell/set-array@1.1.2:
    resolution: {integrity: sha512-xnkseuNADM0gt2bs+BvhO0p78Mk762YnZdsuzFV018NoG1Sj1SCQvpSqa7XUaTam5vAGasABV9qXASMKnFMwMw==}
    engines: {node: '>=6.0.0'}
    dev: false

  /@jridgewell/source-map@0.3.5:
    resolution: {integrity: sha512-UTYAUj/wviwdsMfzoSJspJxbkH5o1snzwX0//0ENX1u/55kkZZkcTZP6u9bwKGkv+dkk9at4m1Cpt0uY80kcpQ==}
    dependencies:
      '@jridgewell/gen-mapping': 0.3.3
      '@jridgewell/trace-mapping': 0.3.22
    dev: false

  /@jridgewell/sourcemap-codec@1.4.15:
    resolution: {integrity: sha512-eF2rxCRulEKXHTRiDrDy6erMYWqNw4LPdQ8UQA4huuxaQsVeRPFl2oM8oDGxMFhJUWZf9McpLtJasDDZb/Bpeg==}
    dev: false

  /@jridgewell/trace-mapping@0.3.22:
    resolution: {integrity: sha512-Wf963MzWtA2sjrNt+g18IAln9lKnlRp+K2eH4jjIoF1wYeq3aMREpG09xhlhdzS0EjwU7qmUJYangWa+151vZw==}
    dependencies:
      '@jridgewell/resolve-uri': 3.1.1
      '@jridgewell/sourcemap-codec': 1.4.15
    dev: false

  /@types/eslint-scope@3.7.5:
    resolution: {integrity: sha512-JNvhIEyxVW6EoMIFIvj93ZOywYFatlpu9deeH6eSx6PE3WHYvHaQtmHmQeNw7aA81bYGBPPQqdtBm6b1SsQMmA==}
    dependencies:
      '@types/eslint': 8.44.3
      '@types/estree': 1.0.5
    dev: false

  /@types/eslint@8.44.3:
    resolution: {integrity: sha512-iM/WfkwAhwmPff3wZuPLYiHX18HI24jU8k1ZSH7P8FHwxTjZ2P6CoX2wnF43oprR+YXJM6UUxATkNvyv/JHd+g==}
    dependencies:
      '@types/estree': 1.0.5
      '@types/json-schema': 7.0.13
    dev: false

  /@types/estree@1.0.5:
    resolution: {integrity: sha512-/kYRxGDLWzHOB7q+wtSUQlFrtcdUccpfy+X+9iMBpHK8QLLhx2wIPYuS5DYtR9Wa/YlZAbIovy7qVdB1Aq6Lyw==}
    dev: false

  /@types/json-schema@7.0.13:
    resolution: {integrity: sha512-RbSSoHliUbnXj3ny0CNFOoxrIDV6SUGyStHsvDqosw6CkdPV8TtWGlfecuK4ToyMEAql6pzNxgCFKanovUzlgQ==}
    dev: false

  /@types/node@20.8.2:
    resolution: {integrity: sha512-Vvycsc9FQdwhxE3y3DzeIxuEJbWGDsnrxvMADzTDF/lcdR9/K+AQIeAghTQsHtotg/q0j3WEOYS/jQgSdWue3w==}
    dev: false

  /@webassemblyjs/ast@1.12.1:
    resolution: {integrity: sha512-EKfMUOPRRUTy5UII4qJDGPpqfwjOmZ5jeGFwid9mnoqIFK+e0vqoi1qH56JpmZSzEL53jKnNzScdmftJyG5xWg==}
    dependencies:
      '@webassemblyjs/helper-numbers': 1.11.6
      '@webassemblyjs/helper-wasm-bytecode': 1.11.6
    dev: false

  /@webassemblyjs/floating-point-hex-parser@1.11.6:
    resolution: {integrity: sha512-ejAj9hfRJ2XMsNHk/v6Fu2dGS+i4UaXBXGemOfQ/JfQ6mdQg/WXtwleQRLLS4OvfDhv8rYnVwH27YJLMyYsxhw==}
    dev: false

  /@webassemblyjs/helper-api-error@1.11.6:
    resolution: {integrity: sha512-o0YkoP4pVu4rN8aTJgAyj9hC2Sv5UlkzCHhxqWj8butaLvnpdc2jOwh4ewE6CX0txSfLn/UYaV/pheS2Txg//Q==}
    dev: false

  /@webassemblyjs/helper-buffer@1.12.1:
    resolution: {integrity: sha512-nzJwQw99DNDKr9BVCOZcLuJJUlqkJh+kVzVl6Fmq/tI5ZtEyWT1KZMyOXltXLZJmDtvLCDgwsyrkohEtopTXCw==}
    dev: false

  /@webassemblyjs/helper-numbers@1.11.6:
    resolution: {integrity: sha512-vUIhZ8LZoIWHBohiEObxVm6hwP034jwmc9kuq5GdHZH0wiLVLIPcMCdpJzG4C11cHoQ25TFIQj9kaVADVX7N3g==}
    dependencies:
      '@webassemblyjs/floating-point-hex-parser': 1.11.6
      '@webassemblyjs/helper-api-error': 1.11.6
      '@xtuc/long': 4.2.2
    dev: false

  /@webassemblyjs/helper-wasm-bytecode@1.11.6:
    resolution: {integrity: sha512-sFFHKwcmBprO9e7Icf0+gddyWYDViL8bpPjJJl0WHxCdETktXdmtWLGVzoHbqUcY4Be1LkNfwTmXOJUFZYSJdA==}
    dev: false

  /@webassemblyjs/helper-wasm-section@1.12.1:
    resolution: {integrity: sha512-Jif4vfB6FJlUlSbgEMHUyk1j234GTNG9dBJ4XJdOySoj518Xj0oGsNi59cUQF4RRMS9ouBUxDDdyBVfPTypa5g==}
    dependencies:
      '@webassemblyjs/ast': 1.12.1
      '@webassemblyjs/helper-buffer': 1.12.1
      '@webassemblyjs/helper-wasm-bytecode': 1.11.6
      '@webassemblyjs/wasm-gen': 1.12.1
    dev: false

  /@webassemblyjs/ieee754@1.11.6:
    resolution: {integrity: sha512-LM4p2csPNvbij6U1f19v6WR56QZ8JcHg3QIJTlSwzFcmx6WSORicYj6I63f9yU1kEUtrpG+kjkiIAkevHpDXrg==}
    dependencies:
      '@xtuc/ieee754': 1.2.0
    dev: false

  /@webassemblyjs/leb128@1.11.6:
    resolution: {integrity: sha512-m7a0FhE67DQXgouf1tbN5XQcdWoNgaAuoULHIfGFIEVKA6tu/edls6XnIlkmS6FrXAquJRPni3ZZKjw6FSPjPQ==}
    dependencies:
      '@xtuc/long': 4.2.2
    dev: false

  /@webassemblyjs/utf8@1.11.6:
    resolution: {integrity: sha512-vtXf2wTQ3+up9Zsg8sa2yWiQpzSsMyXj0qViVP6xKGCUT8p8YJ6HqI7l5eCnWx1T/FYdsv07HQs2wTFbbof/RA==}
    dev: false

  /@webassemblyjs/wasm-edit@1.12.1:
    resolution: {integrity: sha512-1DuwbVvADvS5mGnXbE+c9NfA8QRcZ6iKquqjjmR10k6o+zzsRVesil54DKexiowcFCPdr/Q0qaMgB01+SQ1u6g==}
    dependencies:
      '@webassemblyjs/ast': 1.12.1
      '@webassemblyjs/helper-buffer': 1.12.1
      '@webassemblyjs/helper-wasm-bytecode': 1.11.6
      '@webassemblyjs/helper-wasm-section': 1.12.1
      '@webassemblyjs/wasm-gen': 1.12.1
      '@webassemblyjs/wasm-opt': 1.12.1
      '@webassemblyjs/wasm-parser': 1.12.1
      '@webassemblyjs/wast-printer': 1.12.1
    dev: false

  /@webassemblyjs/wasm-gen@1.12.1:
    resolution: {integrity: sha512-TDq4Ojh9fcohAw6OIMXqiIcTq5KUXTGRkVxbSo1hQnSy6lAM5GSdfwWeSxpAo0YzgsgF182E/U0mDNhuA0tW7w==}
    dependencies:
      '@webassemblyjs/ast': 1.12.1
      '@webassemblyjs/helper-wasm-bytecode': 1.11.6
      '@webassemblyjs/ieee754': 1.11.6
      '@webassemblyjs/leb128': 1.11.6
      '@webassemblyjs/utf8': 1.11.6
    dev: false

  /@webassemblyjs/wasm-opt@1.12.1:
    resolution: {integrity: sha512-Jg99j/2gG2iaz3hijw857AVYekZe2SAskcqlWIZXjji5WStnOpVoat3gQfT/Q5tb2djnCjBtMocY/Su1GfxPBg==}
    dependencies:
      '@webassemblyjs/ast': 1.12.1
      '@webassemblyjs/helper-buffer': 1.12.1
      '@webassemblyjs/wasm-gen': 1.12.1
      '@webassemblyjs/wasm-parser': 1.12.1
    dev: false

  /@webassemblyjs/wasm-parser@1.12.1:
    resolution: {integrity: sha512-xikIi7c2FHXysxXe3COrVUPSheuBtpcfhbpFj4gmu7KRLYOzANztwUU0IbsqvMqzuNK2+glRGWCEqZo1WCLyAQ==}
    dependencies:
      '@webassemblyjs/ast': 1.12.1
      '@webassemblyjs/helper-api-error': 1.11.6
      '@webassemblyjs/helper-wasm-bytecode': 1.11.6
      '@webassemblyjs/ieee754': 1.11.6
      '@webassemblyjs/leb128': 1.11.6
      '@webassemblyjs/utf8': 1.11.6
    dev: false

  /@webassemblyjs/wast-printer@1.12.1:
    resolution: {integrity: sha512-+X4WAlOisVWQMikjbcvY2e0rwPsKQ9F688lksZhBcPycBBuii3O7m8FACbDMWDojpAqvjIncrG8J0XHKyQfVeA==}
    dependencies:
      '@webassemblyjs/ast': 1.12.1
      '@xtuc/long': 4.2.2
    dev: false

  /@xtuc/ieee754@1.2.0:
    resolution: {integrity: sha512-DX8nKgqcGwsc0eJSqYt5lwP4DH5FlHnmuWWBRy7X0NcaGR0ZtuyeESgMwTYVEtxmsNGY+qit4QYT/MIYTOTPeA==}
    dev: false

  /@xtuc/long@4.2.2:
    resolution: {integrity: sha512-NuHqBY1PB/D8xU6s/thBgOAiAP7HOYDQ32+BFZILJ8ivkUkAHQnWfn6WhL79Owj1qmUnoN/YPhktdIoucipkAQ==}
    dev: false

  /acorn-import-assertions@1.9.0(acorn@8.10.0):
    resolution: {integrity: sha512-cmMwop9x+8KFhxvKrKfPYmN6/pKTYYHBqLa0DfvVZcKMJWNyWLnaqND7dx/qn66R7ewM1UX5XMaDVP5wlVTaVA==}
    peerDependencies:
      acorn: ^8
    dependencies:
      acorn: 8.10.0
    dev: false

  /acorn@8.10.0:
    resolution: {integrity: sha512-F0SAmZ8iUtS//m8DmCTA0jlh6TDKkHQyK6xc6V4KDTyZKA9dnvX9/3sRTVQrWm79glUAZbnmmNcdYwUIHWVybw==}
    engines: {node: '>=0.4.0'}
    hasBin: true
    dev: false

  /ajv-keywords@3.5.2(ajv@6.12.6):
    resolution: {integrity: sha512-5p6WTN0DdTGVQk6VjcEju19IgaHudalcfabD7yhDGeA6bcQnmL+CpveLJq/3hvfwd1aof6L386Ougkx6RfyMIQ==}
    peerDependencies:
      ajv: ^6.9.1
    dependencies:
      ajv: 6.12.6
    dev: false

  /ajv@6.12.6:
    resolution: {integrity: sha512-j3fVLgvTo527anyYyJOGTYJbG+vnnQYvE0m5mmkc1TK+nxAppkCLMIL0aZ4dblVCNoGShhm+kzE4ZUykBoMg4g==}
    dependencies:
      fast-deep-equal: 3.1.3
      fast-json-stable-stringify: 2.1.0
      json-schema-traverse: 0.4.1
      uri-js: 4.4.1
    dev: false

  /ansi-regex@5.0.1:
    resolution: {integrity: sha512-quJQXlTSUGL2LH9SUXo8VwsY4soanhgo6LNSm84E1LBcE8s3O0wpdiRzyR9z/ZZJMlMWv37qOOb9pdJlMUEKFQ==}
    engines: {node: '>=8'}
    dev: false

  /ansi-styles@4.3.0:
    resolution: {integrity: sha512-zbB9rCJAT1rbjiVDb2hqKFHNYLxgtk8NURxZ3IZwD3F6NtxbXZQCnnSi1Lkx+IDohdPlFp222wVALIheZJQSEg==}
    engines: {node: '>=8'}
    dependencies:
      color-convert: 2.0.1
    dev: false

  /browserslist@4.22.1:
    resolution: {integrity: sha512-FEVc202+2iuClEhZhrWy6ZiAcRLvNMyYcxZ8raemul1DYVOVdFsbqckWLdsixQZCpJlwe77Z3UTalE7jsjnKfQ==}
    engines: {node: ^6 || ^7 || ^8 || ^9 || ^10 || ^11 || ^12 || >=13.7}
    hasBin: true
    dependencies:
      caniuse-lite: 1.0.30001543
      electron-to-chromium: 1.4.541
      node-releases: 2.0.13
      update-browserslist-db: 1.0.13(browserslist@4.22.1)
    dev: false

  /buffer-from@1.1.2:
    resolution: {integrity: sha512-E+XQCRwSbaaiChtv6k6Dwgc+bx+Bs6vuKJHHl5kox/BaKbhiXzqQOwK4cO22yElGp2OCmjwVhT3HmxgyPGnJfQ==}
    dev: false

  /caniuse-lite@1.0.30001543:
    resolution: {integrity: sha512-qxdO8KPWPQ+Zk6bvNpPeQIOH47qZSYdFZd6dXQzb2KzhnSXju4Kd7H1PkSJx6NICSMgo/IhRZRhhfPTHYpJUCA==}
    dev: false

  /chrome-trace-event@1.0.3:
    resolution: {integrity: sha512-p3KULyQg4S7NIHixdwbGX+nFHkoBiA4YQmyWtjb8XngSKV124nJmRysgAeujbUVb15vh+RvFUfCPqU7rXk+hZg==}
    engines: {node: '>=6.0'}
    dev: false

  /cliui@8.0.1:
    resolution: {integrity: sha512-BSeNnyus75C4//NQ9gQt1/csTXyo/8Sb+afLAkzAptFuMsod9HFokGNudZpi/oQV73hnVK+sR+5PVRMd+Dr7YQ==}
    engines: {node: '>=12'}
    dependencies:
      string-width: 4.2.3
      strip-ansi: 6.0.1
      wrap-ansi: 7.0.0
    dev: false

  /color-convert@2.0.1:
    resolution: {integrity: sha512-RRECPsj7iu/xb5oKYcsFHSppFNnsj/52OVTRKb4zP5onXwVF3zVmmToNcOfGC+CRDpfK/U584fMg38ZHCaElKQ==}
    engines: {node: '>=7.0.0'}
    dependencies:
      color-name: 1.1.4
    dev: false

  /color-name@1.1.4:
    resolution: {integrity: sha512-dOy+3AuW3a2wNbZHIuMZpTcgjGuLU/uBL/ubcZF9OXbDo8ff4O8yVp5Bf0efS8uEoYo5q4Fx7dY9OgQGXgAsQA==}
    dev: false

  /commander@2.20.3:
    resolution: {integrity: sha512-GpVkmM8vF2vQUkj2LvZmD35JxeJOLCwJ9cUkugyk2nuhbv3+mJvpLYYt+0+USMxE+oj+ey/lJEnhZw75x/OMcQ==}
    dev: false

  /electron-to-chromium@1.4.541:
    resolution: {integrity: sha512-do9EfdtgtowzRNdnUhFtc0wMjazMHiXBNP/848cNa22dmmRSVE2JuBKfcjt0tg2+FN90OIE4E6MbcQ2bzDRawg==}
    dev: false

  /emoji-regex@8.0.0:
    resolution: {integrity: sha512-MSjYzcWNOA0ewAHpz0MxpYFvwg6yjy1NG3xteoqz644VCo/RPgnr1/GGt+ic3iJTzQ8Eu3TdM14SawnVUmGE6A==}
    dev: false

  /enhanced-resolve@5.16.0:
    resolution: {integrity: sha512-O+QWCviPNSSLAD9Ucn8Awv+poAkqn3T1XY5/N7kR7rQO9yfSGWkYZDwpJ+iKF7B8rxaQKWngSqACpgzeapSyoA==}
    engines: {node: '>=10.13.0'}
    dependencies:
      graceful-fs: 4.2.11
      tapable: 2.2.1
    dev: false

  /es-module-lexer@1.3.1:
    resolution: {integrity: sha512-JUFAyicQV9mXc3YRxPnDlrfBKpqt6hUYzz9/boprUJHs4e4KVr3XwOF70doO6gwXUor6EWZJAyWAfKki84t20Q==}
    dev: false

  /esbuild@0.21.1:
    resolution: {integrity: sha512-GPqx+FX7mdqulCeQ4TsGZQ3djBJkx5k7zBGtqt9ycVlWNg8llJ4RO9n2vciu8BN2zAEs6lPbPl0asZsAh7oWzg==}
    engines: {node: '>=12'}
    hasBin: true
    requiresBuild: true
    optionalDependencies:
      '@esbuild/aix-ppc64': 0.21.1
      '@esbuild/android-arm': 0.21.1
      '@esbuild/android-arm64': 0.21.1
      '@esbuild/android-x64': 0.21.1
      '@esbuild/darwin-arm64': 0.21.1
      '@esbuild/darwin-x64': 0.21.1
      '@esbuild/freebsd-arm64': 0.21.1
      '@esbuild/freebsd-x64': 0.21.1
      '@esbuild/linux-arm': 0.21.1
      '@esbuild/linux-arm64': 0.21.1
      '@esbuild/linux-ia32': 0.21.1
      '@esbuild/linux-loong64': 0.21.1
      '@esbuild/linux-mips64el': 0.21.1
      '@esbuild/linux-ppc64': 0.21.1
      '@esbuild/linux-riscv64': 0.21.1
      '@esbuild/linux-s390x': 0.21.1
      '@esbuild/linux-x64': 0.21.1
      '@esbuild/netbsd-x64': 0.21.1
      '@esbuild/openbsd-x64': 0.21.1
      '@esbuild/sunos-x64': 0.21.1
      '@esbuild/win32-arm64': 0.21.1
      '@esbuild/win32-ia32': 0.21.1
      '@esbuild/win32-x64': 0.21.1

  /escalade@3.1.1:
    resolution: {integrity: sha512-k0er2gUkLf8O0zKJiAhmkTnJlTvINGv7ygDNPbeIsX/TJjGJZHuh9B2UxbsaEkmlEo9MfhrSzmhIlhRlI2GXnw==}
    engines: {node: '>=6'}
    dev: false

  /eslint-scope@5.1.1:
    resolution: {integrity: sha512-2NxwbF/hZ0KpepYN0cNbo+FN6XoK7GaHlQhgx/hIZl6Va0bF45RQOOwhLIy8lQDbuCiadSLCBnH2CFYquit5bw==}
    engines: {node: '>=8.0.0'}
    dependencies:
      esrecurse: 4.3.0
      estraverse: 4.3.0
    dev: false

  /esrecurse@4.3.0:
    resolution: {integrity: sha512-KmfKL3b6G+RXvP8N1vr3Tq1kL/oCFgn2NYXEtqP8/L3pKapUA4G8cFVaoF3SU323CD4XypR/ffioHmkti6/Tag==}
    engines: {node: '>=4.0'}
    dependencies:
      estraverse: 5.3.0
    dev: false

  /estraverse@4.3.0:
    resolution: {integrity: sha512-39nnKffWz8xN1BU/2c79n9nB9HDzo0niYUqx6xyqUnyoAnQyyWpOTdZEeiCch8BBu515t4wp9ZmgVfVhn9EBpw==}
    engines: {node: '>=4.0'}
    dev: false

  /estraverse@5.3.0:
    resolution: {integrity: sha512-MMdARuVEQziNTeJD8DgMqmhwR11BRQ/cBP+pLtYdSTnf3MIO8fFeiINEbX36ZdNlfU/7A9f3gUw49B3oQsvwBA==}
    engines: {node: '>=4.0'}
    dev: false

  /events@3.3.0:
    resolution: {integrity: sha512-mQw+2fkQbALzQ7V0MY0IqdnXNOeTtP4r0lN9z7AAawCXgqea7bDii20AYrIBrFd/Hx0M2Ocz6S111CaFkUcb0Q==}
    engines: {node: '>=0.8.x'}
    dev: false

  /fast-deep-equal@3.1.3:
    resolution: {integrity: sha512-f3qQ9oQy9j2AhBe/H9VC91wLmKBCCU/gDOnKNAYG5hswO7BLKj09Hc5HYNz9cGI++xlpDCIgDaitVs03ATR84Q==}
    dev: false

  /fast-json-stable-stringify@2.1.0:
    resolution: {integrity: sha512-lhd/wF+Lk98HZoTCtlVraHtfh5XYijIjalXck7saUtuanSDyLMxnHhSXEDJqHxD7msR8D0uCmqlkwjCV8xvwHw==}
    dev: false

  /get-caller-file@2.0.5:
    resolution: {integrity: sha512-DyFP3BM/3YHTQOCUL/w0OZHR0lpKeGrxotcHWcqNEdnltqFwXVfhEBQ94eIo34AfQpo0rGki4cyIiftY06h2Fg==}
    engines: {node: 6.* || 8.* || >= 10.*}
    dev: false

  /glob-to-regexp@0.4.1:
    resolution: {integrity: sha512-lkX1HJXwyMcprw/5YUZc2s7DrpAiHB21/V+E1rHUrVNokkvB6bqMzT0VfV6/86ZNabt1k14YOIaT7nDvOX3Iiw==}
    dev: false

  /graceful-fs@4.2.11:
    resolution: {integrity: sha512-RbJ5/jmFcNNCcDV5o9eTnBLJ/HszWV0P73bc+Ff4nS/rJj+YaS6IGyiOL0VoBYX+l1Wrl3k63h/KrH+nhJ0XvQ==}
    dev: false

  /has-flag@4.0.0:
    resolution: {integrity: sha512-EykJT/Q1KjTWctppgIAgfSO0tKVuZUjhgMr17kqTumMl6Afv3EISleU7qZUzoXDFTAHTDC4NOoG/ZxU3EvlMPQ==}
    engines: {node: '>=8'}
    dev: false

  /is-fullwidth-code-point@3.0.0:
    resolution: {integrity: sha512-zymm5+u+sCsSWyD9qNaejV3DFvhCKclKdizYaJUuHA83RLjb7nSuGnddCHGv0hk+KY7BMAlsWeK4Ueg6EV6XQg==}
    engines: {node: '>=8'}
    dev: false

  /isomorphic-fetch@3.0.0:
    resolution: {integrity: sha512-qvUtwJ3j6qwsF3jLxkZ72qCgjMysPzDfeV240JHiGZsANBYd+EEuu35v7dfrJ9Up0Ak07D7GGSkGhCHTqg/5wA==}
    dependencies:
      node-fetch: 2.7.0
      whatwg-fetch: 3.6.19
    transitivePeerDependencies:
      - encoding
    dev: false

  /jest-worker@27.5.1:
    resolution: {integrity: sha512-7vuh85V5cdDofPyxn58nrPjBktZo0u9x1g8WtjQol+jZDaE+fhN+cIvTj11GndBnMnyfrUOG1sZQxCdjKh+DKg==}
    engines: {node: '>= 10.13.0'}
    dependencies:
      '@types/node': 20.8.2
      merge-stream: 2.0.0
      supports-color: 8.1.1
    dev: false

  /json-parse-even-better-errors@2.3.1:
    resolution: {integrity: sha512-xyFwyhro/JEof6Ghe2iz2NcXoj2sloNsWr/XsERDK/oiPCfaNhl5ONfp+jQdAZRQQ0IJWNzH9zIZF7li91kh2w==}
    dev: false

  /json-schema-traverse@0.4.1:
    resolution: {integrity: sha512-xbbCH5dCYU5T8LcEhhuh7HJ88HXuW3qsI3Y0zOZFKfZEHcpWiHU/Jxzk629Brsab/mMiHQti9wMP+845RPe3Vg==}
    dev: false

  /loader-runner@4.3.0:
    resolution: {integrity: sha512-3R/1M+yS3j5ou80Me59j7F9IMs4PXs3VqRrm0TU3AbKPxlmpoY1TNscJV/oGJXo8qCatFGTfDbY6W6ipGOYXfg==}
    engines: {node: '>=6.11.5'}
    dev: false

  /merge-stream@2.0.0:
    resolution: {integrity: sha512-abv/qOcuPfk3URPfDzmZU1LKmuw8kT+0nIHvKrKgFrwifol/doWcdA4ZqsWQ8ENrFKkd67Mfpo/LovbIUsbt3w==}
    dev: false

  /mime-db@1.52.0:
    resolution: {integrity: sha512-sPU4uV7dYlvtWJxwwxHD0PuihVNiE7TyAbQ5SWxDCB9mUYvOgroQOwYQQOKPJ8CIbE+1ETVlOoK1UC2nU3gYvg==}
    engines: {node: '>= 0.6'}
    dev: false

  /mime-types@2.1.35:
    resolution: {integrity: sha512-ZDY+bPm5zTTF+YpCrAU9nK0UgICYPT0QtT1NZWFv4s++TNkcgVaT0g6+4R2uI4MjQjzysHB1zxuWL50hzaeXiw==}
    engines: {node: '>= 0.6'}
    dependencies:
      mime-db: 1.52.0
    dev: false

  /neo-async@2.6.2:
    resolution: {integrity: sha512-Yd3UES5mWCSqR+qNT93S3UoYUkqAZ9lLg8a7g9rimsWmYGK8cVToA4/sF3RrshdyV3sAGMXVUmpMYOw+dLpOuw==}
    dev: false

  /node-fetch@2.7.0:
    resolution: {integrity: sha512-c4FRfUm/dbcWZ7U+1Wq0AwCyFL+3nt2bEw05wfxSz+DWpWsitgmSgYmy2dQdWyKC1694ELPqMs/YzUSNozLt8A==}
    engines: {node: 4.x || >=6.0.0}
    peerDependencies:
      encoding: ^0.1.0
    peerDependenciesMeta:
      encoding:
        optional: true
    dependencies:
      whatwg-url: 5.0.0
    dev: false

  /node-releases@2.0.13:
    resolution: {integrity: sha512-uYr7J37ae/ORWdZeQ1xxMJe3NtdmqMC/JZK+geofDrkLUApKRHPd18/TxtBOJ4A0/+uUIliorNrfYV6s1b02eQ==}
    dev: false

  /picocolors@1.0.0:
    resolution: {integrity: sha512-1fygroTLlHu66zi26VoTDv8yRgm0Fccecssto+MhsZ0D/DGW2sm8E8AjW7NU5VVTRt5GxbeZ5qBuJr+HyLYkjQ==}
    dev: false

  /prettier@3.2.5:
    resolution: {integrity: sha512-3/GWa9aOC0YeD7LUfvOG2NiDyhOWRvt1k+rcKhOuYnMY24iiCphgneUfJDyFXd6rZCAnuLBv6UeAULtrhT/F4A==}
    engines: {node: '>=14'}
    hasBin: true
    dev: true

  /punycode@2.3.0:
    resolution: {integrity: sha512-rRV+zQD8tVFys26lAGR9WUuS4iUAngJScM+ZRSKtvl5tKeZ2t5bvdNFdNHBW9FWR4guGHlgmsZ1G7BSm2wTbuA==}
    engines: {node: '>=6'}
    dev: false

  /randombytes@2.1.0:
    resolution: {integrity: sha512-vYl3iOX+4CKUWuxGi9Ukhie6fsqXqS9FE2Zaic4tNFD2N2QQaXOMFbuKK4QmDHC0JO6B1Zp41J0LpT0oR68amQ==}
    dependencies:
      safe-buffer: 5.2.1
    dev: false

  /require-directory@2.1.1:
    resolution: {integrity: sha512-fGxEI7+wsG9xrvdjsrlmL22OMTTiHRwAMroiEeMgq8gzoLC/PQr7RsRDSTLUg/bZAZtF+TVIkHc6/4RIKrui+Q==}
    engines: {node: '>=0.10.0'}
    dev: false

  /safe-buffer@5.2.1:
    resolution: {integrity: sha512-rp3So07KcdmmKbGvgaNxQSJr7bGVSVk5S9Eq1F+ppbRo70+YeaDxkw5Dd8NPN+GD6bjnYm2VuPuCXmpuYvmCXQ==}
    dev: false

  /schema-utils@3.3.0:
    resolution: {integrity: sha512-pN/yOAvcC+5rQ5nERGuwrjLlYvLTbCibnZ1I7B1LaiAz9BRBlE9GMgE/eqV30P7aJQUf7Ddimy/RsbYO/GrVGg==}
    engines: {node: '>= 10.13.0'}
    dependencies:
      '@types/json-schema': 7.0.13
      ajv: 6.12.6
      ajv-keywords: 3.5.2(ajv@6.12.6)
    dev: false

  /serialize-javascript@6.0.1:
    resolution: {integrity: sha512-owoXEFjWRllis8/M1Q+Cw5k8ZH40e3zhp/ovX+Xr/vi1qj6QesbyXXViFbpNvWvPNAD62SutwEXavefrLJWj7w==}
    dependencies:
      randombytes: 2.1.0
    dev: false

  /source-map-support@0.5.21:
    resolution: {integrity: sha512-uBHU3L3czsIyYXKX88fdrGovxdSCoTGDRZ6SYXtSRxLZUzHg5P/66Ht6uoUlHu9EZod+inXhKo3qQgwXUT/y1w==}
    dependencies:
      buffer-from: 1.1.2
      source-map: 0.6.1
    dev: false

  /source-map@0.6.1:
    resolution: {integrity: sha512-UjgapumWlbMhkBgzT7Ykc5YXUT46F0iKu8SGXq0bcwP5dz/h0Plj6enJqjz1Zbq2l5WaqYnrVbwWOWMyF3F47g==}
    engines: {node: '>=0.10.0'}
    dev: false

  /string-width@4.2.3:
    resolution: {integrity: sha512-wKyQRQpjJ0sIp62ErSZdGsjMJWsap5oRNihHhu6G7JVO/9jIB6UyevL+tXuOqrng8j/cxKTWyWUwvSTriiZz/g==}
    engines: {node: '>=8'}
    dependencies:
      emoji-regex: 8.0.0
      is-fullwidth-code-point: 3.0.0
      strip-ansi: 6.0.1
    dev: false

  /strip-ansi@6.0.1:
    resolution: {integrity: sha512-Y38VPSHcqkFrCpFnQ9vuSXmquuv5oXOKpGeT6aGrr3o3Gc9AlVa6JBfUSOCnbxGGZF+/0ooI7KrPuUSztUdU5A==}
    engines: {node: '>=8'}
    dependencies:
      ansi-regex: 5.0.1
    dev: false

  /supports-color@8.1.1:
    resolution: {integrity: sha512-MpUEN2OodtUzxvKQl72cUF7RQ5EiHsGvSsVG0ia9c5RbWGL2CI4C7EpPS8UTBIplnlzZiNuV56w+FuNxy3ty2Q==}
    engines: {node: '>=10'}
    dependencies:
      has-flag: 4.0.0
    dev: false

  /tapable@2.2.1:
    resolution: {integrity: sha512-GNzQvQTOIP6RyTfE2Qxb8ZVlNmw0n88vp1szwWRimP02mnTsx3Wtn5qRdqY9w2XduFNUgvOwhNnQsjwCp+kqaQ==}
    engines: {node: '>=6'}
    dev: false

  /terser-webpack-plugin@5.3.10(esbuild@0.21.1)(webpack@5.91.0):
    resolution: {integrity: sha512-BKFPWlPDndPs+NGGCr1U59t0XScL5317Y0UReNrHaw9/FwhPENlq6bfgs+4yPfyP51vqC1bQ4rp1EfXW5ZSH9w==}
    engines: {node: '>= 10.13.0'}
    peerDependencies:
      '@swc/core': '*'
      esbuild: '*'
      uglify-js: '*'
      webpack: ^5.1.0
    peerDependenciesMeta:
      '@swc/core':
        optional: true
      esbuild:
        optional: true
      uglify-js:
        optional: true
    dependencies:
      '@jridgewell/trace-mapping': 0.3.22
      esbuild: 0.21.1
      jest-worker: 27.5.1
      schema-utils: 3.3.0
      serialize-javascript: 6.0.1
      terser: 5.27.0
      webpack: 5.91.0(esbuild@0.21.1)
    dev: false

  /terser@5.27.0:
    resolution: {integrity: sha512-bi1HRwVRskAjheeYl291n3JC4GgO/Ty4z1nVs5AAsmonJulGxpSektecnNedrwK9C7vpvVtcX3cw00VSLt7U2A==}
    engines: {node: '>=10'}
    hasBin: true
    dependencies:
      '@jridgewell/source-map': 0.3.5
      acorn: 8.10.0
      commander: 2.20.3
      source-map-support: 0.5.21
    dev: false

  /tr46@0.0.3:
    resolution: {integrity: sha512-N3WMsuqV66lT30CrXNbEjx4GEwlow3v6rr4mCcv6prnfwhS01rkgyFdjPNBYd9br7LpXV1+Emh01fHnq2Gdgrw==}
    dev: false

  /update-browserslist-db@1.0.13(browserslist@4.22.1):
    resolution: {integrity: sha512-xebP81SNcPuNpPP3uzeW1NYXxI3rxyJzF3pD6sH4jE7o/IX+WtSpwnVU+qIsDPyk0d3hmFQ7mjqc6AtV604hbg==}
    hasBin: true
    peerDependencies:
      browserslist: '>= 4.21.0'
    dependencies:
      browserslist: 4.22.1
      escalade: 3.1.1
      picocolors: 1.0.0
    dev: false

  /uri-js@4.4.1:
    resolution: {integrity: sha512-7rKUyy33Q1yc98pQ1DAmLtwX109F7TIfWlW1Ydo8Wl1ii1SeHieeh0HHfPeL2fMXK6z0s8ecKs9frCuLJvndBg==}
    dependencies:
      punycode: 2.3.0
    dev: false

  /watchpack@2.4.1:
    resolution: {integrity: sha512-8wrBCMtVhqcXP2Sup1ctSkga6uc2Bx0IIvKyT7yTFier5AXHooSI+QyQQAtTb7+E0IUCCKyTFmXqdqgum2XWGg==}
    engines: {node: '>=10.13.0'}
    dependencies:
      glob-to-regexp: 0.4.1
      graceful-fs: 4.2.11
    dev: false

  /webidl-conversions@3.0.1:
    resolution: {integrity: sha512-2JAn3z8AR6rjK8Sm8orRC0h/bcl/DqL7tRPdGZ4I1CjdF+EaMLmYxBHyXuKL849eucPFhvBoxMsflfOb8kxaeQ==}
    dev: false

  /webpack-sources@3.2.3:
    resolution: {integrity: sha512-/DyMEOrDgLKKIG0fmvtz+4dUX/3Ghozwgm6iPp8KRhvn+eQf9+Q7GWxVNMk3+uCPWfdXYC4ExGBckIXdFEfH1w==}
    engines: {node: '>=10.13.0'}
    dev: false

  /webpack@5.91.0(esbuild@0.21.1):
    resolution: {integrity: sha512-rzVwlLeBWHJbmgTC/8TvAcu5vpJNII+MelQpylD4jNERPwpBJOE2lEcko1zJX3QJeLjTTAnQxn/OJ8bjDzVQaw==}
    engines: {node: '>=10.13.0'}
    hasBin: true
    peerDependencies:
      webpack-cli: '*'
    peerDependenciesMeta:
      webpack-cli:
        optional: true
    dependencies:
      '@types/eslint-scope': 3.7.5
      '@types/estree': 1.0.5
      '@webassemblyjs/ast': 1.12.1
      '@webassemblyjs/wasm-edit': 1.12.1
      '@webassemblyjs/wasm-parser': 1.12.1
      acorn: 8.10.0
      acorn-import-assertions: 1.9.0(acorn@8.10.0)
      browserslist: 4.22.1
      chrome-trace-event: 1.0.3
      enhanced-resolve: 5.16.0
      es-module-lexer: 1.3.1
      eslint-scope: 5.1.1
      events: 3.3.0
      glob-to-regexp: 0.4.1
      graceful-fs: 4.2.11
      json-parse-even-better-errors: 2.3.1
      loader-runner: 4.3.0
      mime-types: 2.1.35
      neo-async: 2.6.2
      schema-utils: 3.3.0
      tapable: 2.2.1
      terser-webpack-plugin: 5.3.10(esbuild@0.21.1)(webpack@5.91.0)
      watchpack: 2.4.1
      webpack-sources: 3.2.3
    transitivePeerDependencies:
      - '@swc/core'
      - esbuild
      - uglify-js
    dev: false

  /whatwg-fetch@3.6.19:
    resolution: {integrity: sha512-d67JP4dHSbm2TrpFj8AbO8DnL1JXL5J9u0Kq2xW6d0TFDbCA3Muhdt8orXC22utleTVj7Prqt82baN6RBvnEgw==}
    dev: false

  /whatwg-url@5.0.0:
    resolution: {integrity: sha512-saE57nupxk6v3HY35+jzBwYa0rKSy0XR8JSxZPwgLr7ys0IBzhGviA1/TUGJLmSVqs8pb9AnvICXEuOHLprYTw==}
    dependencies:
      tr46: 0.0.3
      webidl-conversions: 3.0.1
    dev: false

  /wrap-ansi@7.0.0:
    resolution: {integrity: sha512-YVGIj2kamLSTxw6NsZjoBxfSwsn0ycdesmc4p+Q21c5zPuZ1pl+NfxVdxPtdHvmNVOQ6XSYG4AUtyt/Fi7D16Q==}
    engines: {node: '>=10'}
    dependencies:
      ansi-styles: 4.3.0
      string-width: 4.2.3
      strip-ansi: 6.0.1
    dev: false

  /y18n@5.0.8:
    resolution: {integrity: sha512-0pfFzegeDWJHJIAmTLRP2DwHjdF5s7jo9tuztdQxAhINCdvS+3nGINqPd00AphqJR/0LhANUS6/+7SCb98YOfA==}
    engines: {node: '>=10'}
    dev: false

  /yargs-parser@21.1.1:
    resolution: {integrity: sha512-tVpsJW7DdjecAiFpbIB1e3qxIQsE6NoPc5/eTdrbbIC4h0LVsWhnoa3g+m2HclBIujHzsxZ4VJVA+GUuc2/LBw==}
    engines: {node: '>=12'}
    dev: false

  /yargs@17.7.2:
    resolution: {integrity: sha512-7dSzzRQ++CKnNI/krKnYRV7JKKPUXMEh61soaHKg9mrWEhzFWhFnxPxGl+69cD1Ou63C13NUPCnmIcrvqCuM6w==}
    engines: {node: '>=12'}
    dependencies:
      cliui: 8.0.1
      escalade: 3.1.1
      get-caller-file: 2.0.5
      require-directory: 2.1.1
      string-width: 4.2.3
      y18n: 5.0.8
      yargs-parser: 21.1.1
    dev: false
